<?xml version="1.0" encoding="utf-8"?>
<Project ToolsVersion="4.0" xmlns="http://schemas.microsoft.com/developer/msbuild/2003">
  <ItemGroup>
    <ClInclude Include="Pch.h" />
    <ClInclude Include="Mod.ini" />
    <ClInclude Include="Helpers.h" />
    <ClInclude Include="Context.h" />
    <ClInclude Include="Desktop.h" />
    <ClInclude Include="Library.h" />
    <ClInclude Include="common\ReflectionEditor.h" />
    <ClInclude Include="operation-modes\ObjectInspection\ObjectInspection.h" />
    <ClInclude Include="operation-modes\ObjectInspection\ObjectInspector.h" />
    <ClInclude Include="operation-modes\ObjectInspection\ObjectList.h" />
    <ClInclude Include="operation-modes\OperationMode.h" />
    <ClInclude Include="resource-editors\ResReflectionEditor.h" />
    <ClInclude Include="serialization\ReflectionSerializer.h" />
    <ClInclude Include="utilities\LuaInterface.h" />
    <ClInclude Include="ToolBar.h" />
    <ClInclude Include="serialization\EndianSwaps.h" />
    <ClInclude Include="imgui\ImGuiFileDialog.h" />
    <ClInclude Include="imgui\ImGuiFileDialogConfig.h" />
    <ClInclude Include="Inter.h" />
    <ClInclude Include="resource.h" />
    <ClInclude Include="GameServiceInspector.h" />
    <ClInclude Include="ResourceBrowser.h" />
    <ClInclude Include="StandaloneWindow.h" />
    <ClInclude Include="resource-editors\ResEffectEditor.h" />
    <ClInclude Include="core-services\GameUpdaterInspector.h" />
    <ClInclude Include="common\SimpleWidgets.h" />
    <ClInclude Include="imgui\ImGuizmo.h" />
    <ClInclude Include="core-services\GraphicsContextInspector.h" />
    <ClInclude Include="common\icons.h" />
    <ClInclude Include="common\Textures.h" />
    <ClInclude Include="common\Theme.h" />
    <ClInclude Include="utilities\EulerTransform.h" />
    <ClInclude Include="core-services\CameraManagerInspector.h" />
    <ClInclude Include="utilities\FileWatch.hpp" />
  </ItemGroup>
  <ItemGroup>
    <ClCompile Include="DllMain.cpp" />
    <ClCompile Include="Mod.cpp" />
    <ClCompile Include="Pch.cpp" />
    <ClCompile Include="Context.cpp" />
    <ClCompile Include="imgui\imgui.cpp" />
    <ClCompile Include="imgui\imgui_demo.cpp" />
    <ClCompile Include="imgui\imgui_draw.cpp" />
    <ClCompile Include="imgui\imgui_tables.cpp" />
    <ClCompile Include="imgui\imgui_widgets.cpp" />
    <ClCompile Include="imgui\imgui_impl_dx11.cpp" />
    <ClCompile Include="imgui\imgui_impl_win32.cpp" />
    <ClCompile Include="Desktop.cpp" />
    <ClCompile Include="Library.cpp" />
    <ClCompile Include="common\ReflectionEditor.cpp" />
    <ClCompile Include="operation-modes\ObjectInspection\ObjectInspection.cpp" />
    <ClCompile Include="operation-modes\ObjectInspection\ObjectList.cpp" />
    <ClCompile Include="operation-modes\OperationMode.cpp" />
    <ClCompile Include="resource-editors\ResReflectionEditor.cpp" />
    <ClCompile Include="serialization\ReflectionSerializer.cpp" />
    <ClCompile Include="ToolBar.cpp" />
    <ClCompile Include="imgui\ImGuiFileDialog.cpp" />
    <ClCompile Include="FiraCode.h" />
    <ClCompile Include="GameServiceInspector.cpp" />
    <ClCompile Include="ResourceBrowser.cpp" />
    <ClCompile Include="StandaloneWindow.cpp" />
    <ClCompile Include="resource-editors\ResEffectEditor.cpp" />
    <ClCompile Include="core-services\GameUpdaterInspector.cpp" />
    <ClCompile Include="common\SimpleWidgets.cpp" />
    <ClCompile Include="imgui\ImGuizmo.cpp" />
    <ClCompile Include="operation-modes\ObjectInspection\ObjectInspector.cpp" />
    <ClCompile Include="core-services\GraphicsContextInspector.cpp" />
    <ClCompile Include="common\Textures.cpp" />
    <ClCompile Include="common\Theme.cpp" />
    <ClCompile Include="common\Icons.cpp" />
    <ClCompile Include="utilities\EulerTransform.cpp" />
    <ClCompile Include="core-services\CameraManagerInspector.cpp" />
  </ItemGroup>
  <ItemGroup>
    <None Include="packages.config" />
  </ItemGroup>
  <ItemGroup>
    <ResourceCompile Include="devtools.rc" />
  </ItemGroup>
</Project>